
Microsoft Visual Studio Solution File, Format Version 12.00
# Visual Studio 15
VisualStudioVersion = 15.0.26228.9
MinimumVisualStudioVersion = 10.0.40219.1
Project("{FAE04EC0-301F-11D3-BF4B-00C04F79EFBC}") = "_24_访问者模式", "_24_访问者模式\_24_访问者模式.csproj", "{F83757A4-EA7C-4FFF-8E13-A99A3A809C36}"
EndProject
Global
	GlobalSection(SolutionConfigurationPlatforms) = preSolution
		Debug|Any CPU = Debug|Any CPU
		Release|Any CPU = Release|Any CPU
	EndGlobalSection
	GlobalSection(ProjectConfigurationPlatforms) = postSolution
		{F83757A4-EA7C-4FFF-8E13-A99A3A809C36}.Debug|Any CPU.ActiveCfg = Debug|Any CPU
		{F83757A4-EA7C-4FFF-8E13-A99A3A809C36}.Debug|Any CPU.Build.0 = Debug|Any CPU
		{F83757A4-EA7C-4FFF-8E13-A99A3A809C36}.Release|Any CPU.ActiveCfg = Release|Any CPU
		{F83757A4-EA7C-4FFF-8E13-A99A3A809C36}.Release|Any CPU.Build.0 = Release|Any CPU
	EndGlobalSection
	GlobalSection(SolutionProperties) = preSolution
		HideSolutionNode = FALSE
	EndGlobalSection
EndGlobal
