
Microsoft Visual Studio Solution File, Format Version 12.00
# Visual Studio 15
VisualStudioVersion = 15.0.26430.13
MinimumVisualStudioVersion = 10.0.40219.1
Project("{FAE04EC0-301F-11D3-BF4B-00C04F79EFBC}") = "_24_访问者模式", "_24_访问者模式\_24_访问者模式.csproj", "{F83757A4-EA7C-4FFF-8E13-A99A3A809C36}"
EndProject
Project("{FAE04EC0-301F-11D3-BF4B-00C04F79EFBC}") = "_23_解释器模式", "_23_解释器模式\_23_解释器模式.csproj", "{D5838870-32F6-49DD-B66B-9B995252EDD1}"
EndProject
Project("{FAE04EC0-301F-11D3-BF4B-00C04F79EFBC}") = "_22_享元模式", "_22_享元模式\_22_享元模式.csproj", "{F5635B0F-586A-40D9-B428-2EC91BDC4856}"
EndProject
Project("{FAE04EC0-301F-11D3-BF4B-00C04F79EFBC}") = "_21_中介者模式", "_21_中介者模式\_21_中介者模式.csproj", "{6A6ACC5F-8D06-489A-9C6F-1C207319561A}"
EndProject
Project("{FAE04EC0-301F-11D3-BF4B-00C04F79EFBC}") = "_20_职责链模式", "_20_职责链模式\_20_职责链模式.csproj", "{8EF3CD04-0394-4A04-9BA8-346997B448CE}"
EndProject
Project("{FAE04EC0-301F-11D3-BF4B-00C04F79EFBC}") = "_19_命令模式", "_19_命令模式\_19_命令模式.csproj", "{B045352C-78D0-425E-B634-02CAC4E27A6C}"
EndProject
Project("{FAE04EC0-301F-11D3-BF4B-00C04F79EFBC}") = "_01_简单工厂模式", "_01_简单工厂模式\_01_简单工厂模式.csproj", "{04CAB6BD-B33F-47CE-BF82-540949AC3A2D}"
EndProject
Project("{FAE04EC0-301F-11D3-BF4B-00C04F79EFBC}") = "_02_策略模式", "_02_策略模式\_02_策略模式.csproj", "{C5799FD6-21EF-4E93-A685-0A048A69E289}"
EndProject
Project("{FAE04EC0-301F-11D3-BF4B-00C04F79EFBC}") = "_03_装饰模式", "_03_装饰模式\_03_装饰模式.csproj", "{B2FD2D6B-7703-438F-AF04-CDEF8756846A}"
EndProject
Project("{FAE04EC0-301F-11D3-BF4B-00C04F79EFBC}") = "_04_代理模式", "_04_代理模式\_04_代理模式.csproj", "{847AECA9-8A60-4236-8D12-18685C6F054B}"
EndProject
Project("{FAE04EC0-301F-11D3-BF4B-00C04F79EFBC}") = "_05_工厂方法模式", "_05_工厂方法模式\_05_工厂方法模式.csproj", "{A4313D59-CE13-477C-9108-2A4B533AC896}"
EndProject
Project("{FAE04EC0-301F-11D3-BF4B-00C04F79EFBC}") = "_06_原型模式", "_06_原型模式\_06_原型模式.csproj", "{772D34B0-C09E-4476-9ECB-9874EC6F258C}"
EndProject
Project("{FAE04EC0-301F-11D3-BF4B-00C04F79EFBC}") = "_07_模版方法模式", "_07_模版方法模式\_07_模版方法模式.csproj", "{22A15B3E-CA5E-4299-9683-ED5F348FAFCB}"
EndProject
Project("{FAE04EC0-301F-11D3-BF4B-00C04F79EFBC}") = "_08_外观模式", "_08_外观模式\_08_外观模式.csproj", "{E518BC08-1420-4103-AD6C-01F64DBAC975}"
EndProject
Project("{FAE04EC0-301F-11D3-BF4B-00C04F79EFBC}") = "_09_建造者模式", "_09_建造者模式\_09_建造者模式.csproj", "{DE9ED66A-1163-49AB-8B0F-FE559341C7BF}"
EndProject
Project("{FAE04EC0-301F-11D3-BF4B-00C04F79EFBC}") = "_10_观察者模式", "_10_观察者模式\_10_观察者模式.csproj", "{991308D2-72C3-4A01-9522-43D482124EA9}"
EndProject
Project("{FAE04EC0-301F-11D3-BF4B-00C04F79EFBC}") = "_11_抽象工厂模式", "_11_抽象工厂模式\_11_抽象工厂模式.csproj", "{59F3B2B1-CB12-49A4-87C6-B98FBD58CC1C}"
EndProject
Project("{FAE04EC0-301F-11D3-BF4B-00C04F79EFBC}") = "_12_状态模式", "_12_状态模式\_12_状态模式.csproj", "{24B319C4-B237-4204-8B99-760DB69A40A2}"
EndProject
Project("{FAE04EC0-301F-11D3-BF4B-00C04F79EFBC}") = "_13_适配器模式", "_13_适配器模式\_13_适配器模式.csproj", "{345522A2-CFC6-48DD-A7DB-FA43CF85CEE8}"
EndProject
Project("{FAE04EC0-301F-11D3-BF4B-00C04F79EFBC}") = "_14_备忘录模式", "_14_备忘录模式\_14_备忘录模式.csproj", "{E4433A35-817D-41FC-B218-138AD242F8E7}"
EndProject
Project("{FAE04EC0-301F-11D3-BF4B-00C04F79EFBC}") = "_15_组合模式", "_15_组合模式\_15_组合模式.csproj", "{A75CAF84-851F-4F2E-912E-855235BD5D3F}"
EndProject
Project("{FAE04EC0-301F-11D3-BF4B-00C04F79EFBC}") = "_16_迭代器模式", "_16_迭代器模式\_16_迭代器模式.csproj", "{EFA1CA85-A810-4E3E-9C79-62F2F5A818F8}"
EndProject
Project("{FAE04EC0-301F-11D3-BF4B-00C04F79EFBC}") = "_17_单例模式", "_17_单例模式\_17_单例模式.csproj", "{298A7AC4-CBB2-45C5-8BDA-0ECCE2EDCC5F}"
EndProject
Project("{FAE04EC0-301F-11D3-BF4B-00C04F79EFBC}") = "_18_桥接模式", "_18_桥接模式\_18_桥接模式.csproj", "{F5EB0C25-3FF4-4FFC-B95E-58CA4C47CDC0}"
EndProject
Global
	GlobalSection(SolutionConfigurationPlatforms) = preSolution
		Debug|Any CPU = Debug|Any CPU
		Release|Any CPU = Release|Any CPU
	EndGlobalSection
	GlobalSection(ProjectConfigurationPlatforms) = postSolution
		{F83757A4-EA7C-4FFF-8E13-A99A3A809C36}.Debug|Any CPU.ActiveCfg = Debug|Any CPU
		{F83757A4-EA7C-4FFF-8E13-A99A3A809C36}.Debug|Any CPU.Build.0 = Debug|Any CPU
		{F83757A4-EA7C-4FFF-8E13-A99A3A809C36}.Release|Any CPU.ActiveCfg = Release|Any CPU
		{F83757A4-EA7C-4FFF-8E13-A99A3A809C36}.Release|Any CPU.Build.0 = Release|Any CPU
		{D5838870-32F6-49DD-B66B-9B995252EDD1}.Debug|Any CPU.ActiveCfg = Debug|Any CPU
		{D5838870-32F6-49DD-B66B-9B995252EDD1}.Debug|Any CPU.Build.0 = Debug|Any CPU
		{D5838870-32F6-49DD-B66B-9B995252EDD1}.Release|Any CPU.ActiveCfg = Release|Any CPU
		{D5838870-32F6-49DD-B66B-9B995252EDD1}.Release|Any CPU.Build.0 = Release|Any CPU
		{F5635B0F-586A-40D9-B428-2EC91BDC4856}.Debug|Any CPU.ActiveCfg = Debug|Any CPU
		{F5635B0F-586A-40D9-B428-2EC91BDC4856}.Debug|Any CPU.Build.0 = Debug|Any CPU
		{F5635B0F-586A-40D9-B428-2EC91BDC4856}.Release|Any CPU.ActiveCfg = Release|Any CPU
		{F5635B0F-586A-40D9-B428-2EC91BDC4856}.Release|Any CPU.Build.0 = Release|Any CPU
		{6A6ACC5F-8D06-489A-9C6F-1C207319561A}.Debug|Any CPU.ActiveCfg = Debug|Any CPU
		{6A6ACC5F-8D06-489A-9C6F-1C207319561A}.Debug|Any CPU.Build.0 = Debug|Any CPU
		{6A6ACC5F-8D06-489A-9C6F-1C207319561A}.Release|Any CPU.ActiveCfg = Release|Any CPU
		{6A6ACC5F-8D06-489A-9C6F-1C207319561A}.Release|Any CPU.Build.0 = Release|Any CPU
		{8EF3CD04-0394-4A04-9BA8-346997B448CE}.Debug|Any CPU.ActiveCfg = Debug|Any CPU
		{8EF3CD04-0394-4A04-9BA8-346997B448CE}.Debug|Any CPU.Build.0 = Debug|Any CPU
		{8EF3CD04-0394-4A04-9BA8-346997B448CE}.Release|Any CPU.ActiveCfg = Release|Any CPU
		{8EF3CD04-0394-4A04-9BA8-346997B448CE}.Release|Any CPU.Build.0 = Release|Any CPU
		{B045352C-78D0-425E-B634-02CAC4E27A6C}.Debug|Any CPU.ActiveCfg = Debug|Any CPU
		{B045352C-78D0-425E-B634-02CAC4E27A6C}.Debug|Any CPU.Build.0 = Debug|Any CPU
		{B045352C-78D0-425E-B634-02CAC4E27A6C}.Release|Any CPU.ActiveCfg = Release|Any CPU
		{B045352C-78D0-425E-B634-02CAC4E27A6C}.Release|Any CPU.Build.0 = Release|Any CPU
		{04CAB6BD-B33F-47CE-BF82-540949AC3A2D}.Debug|Any CPU.ActiveCfg = Debug|Any CPU
		{04CAB6BD-B33F-47CE-BF82-540949AC3A2D}.Debug|Any CPU.Build.0 = Debug|Any CPU
		{04CAB6BD-B33F-47CE-BF82-540949AC3A2D}.Release|Any CPU.ActiveCfg = Release|Any CPU
		{04CAB6BD-B33F-47CE-BF82-540949AC3A2D}.Release|Any CPU.Build.0 = Release|Any CPU
		{C5799FD6-21EF-4E93-A685-0A048A69E289}.Debug|Any CPU.ActiveCfg = Debug|Any CPU
		{C5799FD6-21EF-4E93-A685-0A048A69E289}.Debug|Any CPU.Build.0 = Debug|Any CPU
		{C5799FD6-21EF-4E93-A685-0A048A69E289}.Release|Any CPU.ActiveCfg = Release|Any CPU
		{C5799FD6-21EF-4E93-A685-0A048A69E289}.Release|Any CPU.Build.0 = Release|Any CPU
		{B2FD2D6B-7703-438F-AF04-CDEF8756846A}.Debug|Any CPU.ActiveCfg = Debug|Any CPU
		{B2FD2D6B-7703-438F-AF04-CDEF8756846A}.Debug|Any CPU.Build.0 = Debug|Any CPU
		{B2FD2D6B-7703-438F-AF04-CDEF8756846A}.Release|Any CPU.ActiveCfg = Release|Any CPU
		{B2FD2D6B-7703-438F-AF04-CDEF8756846A}.Release|Any CPU.Build.0 = Release|Any CPU
		{847AECA9-8A60-4236-8D12-18685C6F054B}.Debug|Any CPU.ActiveCfg = Debug|Any CPU
		{847AECA9-8A60-4236-8D12-18685C6F054B}.Debug|Any CPU.Build.0 = Debug|Any CPU
		{847AECA9-8A60-4236-8D12-18685C6F054B}.Release|Any CPU.ActiveCfg = Release|Any CPU
		{847AECA9-8A60-4236-8D12-18685C6F054B}.Release|Any CPU.Build.0 = Release|Any CPU
		{A4313D59-CE13-477C-9108-2A4B533AC896}.Debug|Any CPU.ActiveCfg = Debug|Any CPU
		{A4313D59-CE13-477C-9108-2A4B533AC896}.Debug|Any CPU.Build.0 = Debug|Any CPU
		{A4313D59-CE13-477C-9108-2A4B533AC896}.Release|Any CPU.ActiveCfg = Release|Any CPU
		{A4313D59-CE13-477C-9108-2A4B533AC896}.Release|Any CPU.Build.0 = Release|Any CPU
		{772D34B0-C09E-4476-9ECB-9874EC6F258C}.Debug|Any CPU.ActiveCfg = Debug|Any CPU
		{772D34B0-C09E-4476-9ECB-9874EC6F258C}.Debug|Any CPU.Build.0 = Debug|Any CPU
		{772D34B0-C09E-4476-9ECB-9874EC6F258C}.Release|Any CPU.ActiveCfg = Release|Any CPU
		{772D34B0-C09E-4476-9ECB-9874EC6F258C}.Release|Any CPU.Build.0 = Release|Any CPU
		{22A15B3E-CA5E-4299-9683-ED5F348FAFCB}.Debug|Any CPU.ActiveCfg = Debug|Any CPU
		{22A15B3E-CA5E-4299-9683-ED5F348FAFCB}.Debug|Any CPU.Build.0 = Debug|Any CPU
		{22A15B3E-CA5E-4299-9683-ED5F348FAFCB}.Release|Any CPU.ActiveCfg = Release|Any CPU
		{22A15B3E-CA5E-4299-9683-ED5F348FAFCB}.Release|Any CPU.Build.0 = Release|Any CPU
		{E518BC08-1420-4103-AD6C-01F64DBAC975}.Debug|Any CPU.ActiveCfg = Debug|Any CPU
		{E518BC08-1420-4103-AD6C-01F64DBAC975}.Debug|Any CPU.Build.0 = Debug|Any CPU
		{E518BC08-1420-4103-AD6C-01F64DBAC975}.Release|Any CPU.ActiveCfg = Release|Any CPU
		{E518BC08-1420-4103-AD6C-01F64DBAC975}.Release|Any CPU.Build.0 = Release|Any CPU
		{DE9ED66A-1163-49AB-8B0F-FE559341C7BF}.Debug|Any CPU.ActiveCfg = Debug|Any CPU
		{DE9ED66A-1163-49AB-8B0F-FE559341C7BF}.Debug|Any CPU.Build.0 = Debug|Any CPU
		{DE9ED66A-1163-49AB-8B0F-FE559341C7BF}.Release|Any CPU.ActiveCfg = Release|Any CPU
		{DE9ED66A-1163-49AB-8B0F-FE559341C7BF}.Release|Any CPU.Build.0 = Release|Any CPU
		{991308D2-72C3-4A01-9522-43D482124EA9}.Debug|Any CPU.ActiveCfg = Debug|Any CPU
		{991308D2-72C3-4A01-9522-43D482124EA9}.Debug|Any CPU.Build.0 = Debug|Any CPU
		{991308D2-72C3-4A01-9522-43D482124EA9}.Release|Any CPU.ActiveCfg = Release|Any CPU
		{991308D2-72C3-4A01-9522-43D482124EA9}.Release|Any CPU.Build.0 = Release|Any CPU
		{59F3B2B1-CB12-49A4-87C6-B98FBD58CC1C}.Debug|Any CPU.ActiveCfg = Debug|Any CPU
		{59F3B2B1-CB12-49A4-87C6-B98FBD58CC1C}.Debug|Any CPU.Build.0 = Debug|Any CPU
		{59F3B2B1-CB12-49A4-87C6-B98FBD58CC1C}.Release|Any CPU.ActiveCfg = Release|Any CPU
		{59F3B2B1-CB12-49A4-87C6-B98FBD58CC1C}.Release|Any CPU.Build.0 = Release|Any CPU
		{24B319C4-B237-4204-8B99-760DB69A40A2}.Debug|Any CPU.ActiveCfg = Debug|Any CPU
		{24B319C4-B237-4204-8B99-760DB69A40A2}.Debug|Any CPU.Build.0 = Debug|Any CPU
		{24B319C4-B237-4204-8B99-760DB69A40A2}.Release|Any CPU.ActiveCfg = Release|Any CPU
		{24B319C4-B237-4204-8B99-760DB69A40A2}.Release|Any CPU.Build.0 = Release|Any CPU
		{345522A2-CFC6-48DD-A7DB-FA43CF85CEE8}.Debug|Any CPU.ActiveCfg = Debug|Any CPU
		{345522A2-CFC6-48DD-A7DB-FA43CF85CEE8}.Debug|Any CPU.Build.0 = Debug|Any CPU
		{345522A2-CFC6-48DD-A7DB-FA43CF85CEE8}.Release|Any CPU.ActiveCfg = Release|Any CPU
		{345522A2-CFC6-48DD-A7DB-FA43CF85CEE8}.Release|Any CPU.Build.0 = Release|Any CPU
		{E4433A35-817D-41FC-B218-138AD242F8E7}.Debug|Any CPU.ActiveCfg = Debug|Any CPU
		{E4433A35-817D-41FC-B218-138AD242F8E7}.Debug|Any CPU.Build.0 = Debug|Any CPU
		{E4433A35-817D-41FC-B218-138AD242F8E7}.Release|Any CPU.ActiveCfg = Release|Any CPU
		{E4433A35-817D-41FC-B218-138AD242F8E7}.Release|Any CPU.Build.0 = Release|Any CPU
		{A75CAF84-851F-4F2E-912E-855235BD5D3F}.Debug|Any CPU.ActiveCfg = Debug|Any CPU
		{A75CAF84-851F-4F2E-912E-855235BD5D3F}.Debug|Any CPU.Build.0 = Debug|Any CPU
		{A75CAF84-851F-4F2E-912E-855235BD5D3F}.Release|Any CPU.ActiveCfg = Release|Any CPU
		{A75CAF84-851F-4F2E-912E-855235BD5D3F}.Release|Any CPU.Build.0 = Release|Any CPU
		{EFA1CA85-A810-4E3E-9C79-62F2F5A818F8}.Debug|Any CPU.ActiveCfg = Debug|Any CPU
		{EFA1CA85-A810-4E3E-9C79-62F2F5A818F8}.Debug|Any CPU.Build.0 = Debug|Any CPU
		{EFA1CA85-A810-4E3E-9C79-62F2F5A818F8}.Release|Any CPU.ActiveCfg = Release|Any CPU
		{EFA1CA85-A810-4E3E-9C79-62F2F5A818F8}.Release|Any CPU.Build.0 = Release|Any CPU
		{298A7AC4-CBB2-45C5-8BDA-0ECCE2EDCC5F}.Debug|Any CPU.ActiveCfg = Debug|Any CPU
		{298A7AC4-CBB2-45C5-8BDA-0ECCE2EDCC5F}.Debug|Any CPU.Build.0 = Debug|Any CPU
		{298A7AC4-CBB2-45C5-8BDA-0ECCE2EDCC5F}.Release|Any CPU.ActiveCfg = Release|Any CPU
		{298A7AC4-CBB2-45C5-8BDA-0ECCE2EDCC5F}.Release|Any CPU.Build.0 = Release|Any CPU
		{F5EB0C25-3FF4-4FFC-B95E-58CA4C47CDC0}.Debug|Any CPU.ActiveCfg = Debug|Any CPU
		{F5EB0C25-3FF4-4FFC-B95E-58CA4C47CDC0}.Debug|Any CPU.Build.0 = Debug|Any CPU
		{F5EB0C25-3FF4-4FFC-B95E-58CA4C47CDC0}.Release|Any CPU.ActiveCfg = Release|Any CPU
		{F5EB0C25-3FF4-4FFC-B95E-58CA4C47CDC0}.Release|Any CPU.Build.0 = Release|Any CPU
	EndGlobalSection
	GlobalSection(SolutionProperties) = preSolution
		HideSolutionNode = FALSE
	EndGlobalSection
EndGlobal
