
Microsoft Visual Studio Solution File, Format Version 12.00
# Visual Studio 15
VisualStudioVersion = 15.0.26228.9
MinimumVisualStudioVersion = 10.0.40219.1
Project("{FAE04EC0-301F-11D3-BF4B-00C04F79EFBC}") = "Services", "Services\Services.csproj", "{1AE5B114-3B50-4308-93A1-D8989CE0164B}"
EndProject
Project("{FAE04EC0-301F-11D3-BF4B-00C04F79EFBC}") = "Console", "Console\Console.csproj", "{61A896EA-8B7E-4EBF-A491-472D662632AB}"
EndProject
Project("{FAE04EC0-301F-11D3-BF4B-00C04F79EFBC}") = "Client", "Client\Client.csproj", "{377BFEB1-E582-4C51-89C2-0489389F409A}"
EndProject
Global
	GlobalSection(SolutionConfigurationPlatforms) = preSolution
		Debug|Any CPU = Debug|Any CPU
		Release|Any CPU = Release|Any CPU
	EndGlobalSection
	GlobalSection(ProjectConfigurationPlatforms) = postSolution
		{1AE5B114-3B50-4308-93A1-D8989CE0164B}.Debug|Any CPU.ActiveCfg = Debug|Any CPU
		{1AE5B114-3B50-4308-93A1-D8989CE0164B}.Debug|Any CPU.Build.0 = Debug|Any CPU
		{1AE5B114-3B50-4308-93A1-D8989CE0164B}.Release|Any CPU.ActiveCfg = Release|Any CPU
		{1AE5B114-3B50-4308-93A1-D8989CE0164B}.Release|Any CPU.Build.0 = Release|Any CPU
		{61A896EA-8B7E-4EBF-A491-472D662632AB}.Debug|Any CPU.ActiveCfg = Debug|Any CPU
		{61A896EA-8B7E-4EBF-A491-472D662632AB}.Debug|Any CPU.Build.0 = Debug|Any CPU
		{61A896EA-8B7E-4EBF-A491-472D662632AB}.Release|Any CPU.ActiveCfg = Release|Any CPU
		{61A896EA-8B7E-4EBF-A491-472D662632AB}.Release|Any CPU.Build.0 = Release|Any CPU
		{377BFEB1-E582-4C51-89C2-0489389F409A}.Debug|Any CPU.ActiveCfg = Debug|Any CPU
		{377BFEB1-E582-4C51-89C2-0489389F409A}.Debug|Any CPU.Build.0 = Debug|Any CPU
		{377BFEB1-E582-4C51-89C2-0489389F409A}.Release|Any CPU.ActiveCfg = Release|Any CPU
		{377BFEB1-E582-4C51-89C2-0489389F409A}.Release|Any CPU.Build.0 = Release|Any CPU
	EndGlobalSection
	GlobalSection(SolutionProperties) = preSolution
		HideSolutionNode = FALSE
	EndGlobalSection
EndGlobal
