
Microsoft Visual Studio Solution File, Format Version 12.00
# Visual Studio 15
VisualStudioVersion = 15.0.26430.13
MinimumVisualStudioVersion = 10.0.40219.1
Project("{FAE04EC0-301F-11D3-BF4B-00C04F79EFBC}") = "App1", "App1\App1.csproj", "{38204F04-C194-4945-B035-9F7DAFCB794A}"
EndProject
Project("{FAE04EC0-301F-11D3-BF4B-00C04F79EFBC}") = "Lib1", "Lib1\Lib1.csproj", "{0E673EAF-007C-45B7-B465-DA637FCFE72C}"
EndProject
Global
	GlobalSection(SolutionConfigurationPlatforms) = preSolution
		Debug|Any CPU = Debug|Any CPU
		Release|Any CPU = Release|Any CPU
	EndGlobalSection
	GlobalSection(ProjectConfigurationPlatforms) = postSolution
		{38204F04-C194-4945-B035-9F7DAFCB794A}.Debug|Any CPU.ActiveCfg = Debug|Any CPU
		{38204F04-C194-4945-B035-9F7DAFCB794A}.Debug|Any CPU.Build.0 = Debug|Any CPU
		{38204F04-C194-4945-B035-9F7DAFCB794A}.Release|Any CPU.ActiveCfg = Release|Any CPU
		{38204F04-C194-4945-B035-9F7DAFCB794A}.Release|Any CPU.Build.0 = Release|Any CPU
		{0E673EAF-007C-45B7-B465-DA637FCFE72C}.Debug|Any CPU.ActiveCfg = Debug|Any CPU
		{0E673EAF-007C-45B7-B465-DA637FCFE72C}.Debug|Any CPU.Build.0 = Debug|Any CPU
		{0E673EAF-007C-45B7-B465-DA637FCFE72C}.Release|Any CPU.ActiveCfg = Release|Any CPU
		{0E673EAF-007C-45B7-B465-DA637FCFE72C}.Release|Any CPU.Build.0 = Release|Any CPU
	EndGlobalSection
	GlobalSection(SolutionProperties) = preSolution
		HideSolutionNode = FALSE
	EndGlobalSection
EndGlobal
